
Microsoft Visual Studio Solution File, Format Version 12.00
Project("{FAE04EC0-301F-11D3-BF4B-00C04F79EFBC}") = "YabieBackend", "YabieBackend.csproj", "{1153EE4A-915D-40CE-8CAB-F4ADDD6A5A2C}"
EndProject
Global
	GlobalSection(SolutionConfigurationPlatforms) = preSolution
		Debug|Any CPU = Debug|Any CPU
		Release|Any CPU = Release|Any CPU
	EndGlobalSection
	GlobalSection(ProjectConfigurationPlatforms) = postSolution
		{1153EE4A-915D-40CE-8CAB-F4ADDD6A5A2C}.Debug|Any CPU.ActiveCfg = Debug|Any CPU
		{1153EE4A-915D-40CE-8CAB-F4ADDD6A5A2C}.Debug|Any CPU.Build.0 = Debug|Any CPU
		{1153EE4A-915D-40CE-8CAB-F4ADDD6A5A2C}.Release|Any CPU.ActiveCfg = Release|Any CPU
		{1153EE4A-915D-40CE-8CAB-F4ADDD6A5A2C}.Release|Any CPU.Build.0 = Release|Any CPU
	EndGlobalSection
EndGlobal
